DEPENDENCIES
  apt
  minecraft
    git: git://github.com/gregf/chef-minecraft.git
    revision: 4ad53f290122940a3e446d797d0e8c50e56eecc8

GRAPH
  apt (2.5.3)
  build-essential (2.0.6)
  java (1.28.0)
  minecraft (0.5.1)
    apt (>= 0.0.0)
    java (>= 0.0.0)
    ohai (>= 0.0.0)
    runit (>= 0.0.0)
    yum (>= 0.0.0)
  ohai (2.0.1)
  runit (1.5.10)
    build-essential (>= 0.0.0)
    yum (~> 3.0)
    yum-epel (>= 0.0.0)
  yum (3.3.1)
  yum-epel (0.5.1)
    yum (~> 3.0)
